Microsoft Visual Studio Solution File, Format Version 12.00
# Visual Studio Version 17
VisualStudioVersion = 17.5.2.0
MinimumVisualStudioVersion = 10.0.40219.1
Project("{FAE04EC0-301F-11D3-BF4B-00C04F79EFBC}") = "myDevOps", "myDevOps.csproj", "{D5D4DC4A-B2F8-C64B-1D28-E4E3F65245C3}"
EndProject
Global
	GlobalSection(SolutionConfigurationPlatforms) = preSolution
		Debug|Any CPU = Debug|Any CPU
		Release|Any CPU = Release|Any CPU
	EndGlobalSection
	GlobalSection(ProjectConfigurationPlatforms) = postSolution
		{D5D4DC4A-B2F8-C64B-1D28-E4E3F65245C3}.Debug|Any CPU.ActiveCfg = Debug|Any CPU
		{D5D4DC4A-B2F8-C64B-1D28-E4E3F65245C3}.Debug|Any CPU.Build.0 = Debug|Any CPU
		{D5D4DC4A-B2F8-C64B-1D28-E4E3F65245C3}.Release|Any CPU.ActiveCfg = Release|Any CPU
		{D5D4DC4A-B2F8-C64B-1D28-E4E3F65245C3}.Release|Any CPU.Build.0 = Release|Any CPU
	EndGlobalSection
	GlobalSection(SolutionProperties) = preSolution
		HideSolutionNode = FALSE
	EndGlobalSection
	GlobalSection(ExtensibilityGlobals) = postSolution
		SolutionGuid = {C3655A7D-3112-4B80-9653-9BE7C437957A}
	EndGlobalSection
EndGlobal
